
Microsoft Visual Studio Solution File, Format Version 12.00
# Visual Studio Version 16
VisualStudioVersion = 16.0.29609.76
MinimumVisualStudioVersion = 10.0.40219.1
Project("{FAE04EC0-301F-11D3-BF4B-00C04F79EFBC}") = "Tapanyagok", "Tapanyagok\Tapanyagok.csproj", "{95DC061B-68A7-4F87-8037-0C62D792E676}"
EndProject
Global
	GlobalSection(SolutionConfigurationPlatforms) = preSolution
		Debug|Any CPU = Debug|Any CPU
		Release|Any CPU = Release|Any CPU
	EndGlobalSection
	GlobalSection(ProjectConfigurationPlatforms) = postSolution
		{95DC061B-68A7-4F87-8037-0C62D792E676}.Debug|Any CPU.ActiveCfg = Debug|Any CPU
		{95DC061B-68A7-4F87-8037-0C62D792E676}.Debug|Any CPU.Build.0 = Debug|Any CPU
		{95DC061B-68A7-4F87-8037-0C62D792E676}.Release|Any CPU.ActiveCfg = Release|Any CPU
		{95DC061B-68A7-4F87-8037-0C62D792E676}.Release|Any CPU.Build.0 = Release|Any CPU
	EndGlobalSection
	GlobalSection(SolutionProperties) = preSolution
		HideSolutionNode = FALSE
	EndGlobalSection
	GlobalSection(ExtensibilityGlobals) = postSolution
		SolutionGuid = {701B70B4-8DA9-43C0-89C0-5A5639A60B1F}
	EndGlobalSection
EndGlobal
